
Microsoft Visual Studio Solution File, Format Version 12.00
# Visual Studio Version 16
VisualStudioVersion = 16.0.30114.105
MinimumVisualStudioVersion = 10.0.40219.1
Project("{FAE04EC0-301F-11D3-BF4B-00C04F79EFBC}") = "ConsoleDebug", "ConsoleDebug\ConsoleDebug.csproj", "{83678289-8779-44F6-AF7D-3014AF03BDD7}"
	ProjectSection(ProjectDependencies) = postProject
		{A8122F7B-84C8-4CE4-8C12-C10CA7A8801A} = {A8122F7B-84C8-4CE4-8C12-C10CA7A8801A}
	EndProjectSection
EndProject
Project("{FAE04EC0-301F-11D3-BF4B-00C04F79EFBC}") = "CommLibrary", "Common\CommLibrary.csproj", "{A8122F7B-84C8-4CE4-8C12-C10CA7A8801A}"
EndProject
Project("{FAE04EC0-301F-11D3-BF4B-00C04F79EFBC}") = "StDorVMLibrary", "StDorVMLibrary\StDorVMLibrary.csproj", "{E36A733A-FA7B-4D1B-A6D9-ECC897C15150}"
EndProject
Project("{FAE04EC0-301F-11D3-BF4B-00C04F79EFBC}") = "StDorModel", "StDorModel\StDorModel.csproj", "{0ED60033-56AD-4F35-B101-651B8A9AA6D6}"
EndProject
Project("{FAE04EC0-301F-11D3-BF4B-00C04F79EFBC}") = "StDorModelLibrary", "StDorModelLibrary\StDorModelLibrary.csproj", "{B98276B4-611B-43CA-A6CE-1005B02F15AA}"
EndProject
Project("{FAE04EC0-301F-11D3-BF4B-00C04F79EFBC}") = "StDorViewLibrary", "StDorViewLibrary\StDorViewLibrary.csproj", "{35183950-EC95-49F1-A565-F4C912A1C829}"
	ProjectSection(ProjectDependencies) = postProject
		{E36A733A-FA7B-4D1B-A6D9-ECC897C15150} = {E36A733A-FA7B-4D1B-A6D9-ECC897C15150}
		{A8122F7B-84C8-4CE4-8C12-C10CA7A8801A} = {A8122F7B-84C8-4CE4-8C12-C10CA7A8801A}
	EndProjectSection
EndProject
Project("{FAE04EC0-301F-11D3-BF4B-00C04F79EFBC}") = "StudentRooms", "StudentRooms\StudentRooms.csproj", "{48B2A703-BFD8-4032-A433-46EF9E5EF6FC}"
EndProject
Project("{FAE04EC0-301F-11D3-BF4B-00C04F79EFBC}") = "StDorViewModel", "StDorViewModel\StDorViewModel.csproj", "{68E6FD0C-82C2-42A9-A91D-715418F23442}"
EndProject
Global
	GlobalSection(SolutionConfigurationPlatforms) = preSolution
		Debug|Any CPU = Debug|Any CPU
		Release|Any CPU = Release|Any CPU
	EndGlobalSection
	GlobalSection(ProjectConfigurationPlatforms) = postSolution
		{83678289-8779-44F6-AF7D-3014AF03BDD7}.Debug|Any CPU.ActiveCfg = Debug|Any CPU
		{83678289-8779-44F6-AF7D-3014AF03BDD7}.Debug|Any CPU.Build.0 = Debug|Any CPU
		{83678289-8779-44F6-AF7D-3014AF03BDD7}.Release|Any CPU.ActiveCfg = Release|Any CPU
		{83678289-8779-44F6-AF7D-3014AF03BDD7}.Release|Any CPU.Build.0 = Release|Any CPU
		{A8122F7B-84C8-4CE4-8C12-C10CA7A8801A}.Debug|Any CPU.ActiveCfg = Debug|Any CPU
		{A8122F7B-84C8-4CE4-8C12-C10CA7A8801A}.Debug|Any CPU.Build.0 = Debug|Any CPU
		{A8122F7B-84C8-4CE4-8C12-C10CA7A8801A}.Release|Any CPU.ActiveCfg = Release|Any CPU
		{A8122F7B-84C8-4CE4-8C12-C10CA7A8801A}.Release|Any CPU.Build.0 = Release|Any CPU
		{E36A733A-FA7B-4D1B-A6D9-ECC897C15150}.Debug|Any CPU.ActiveCfg = Debug|Any CPU
		{E36A733A-FA7B-4D1B-A6D9-ECC897C15150}.Debug|Any CPU.Build.0 = Debug|Any CPU
		{E36A733A-FA7B-4D1B-A6D9-ECC897C15150}.Release|Any CPU.ActiveCfg = Release|Any CPU
		{E36A733A-FA7B-4D1B-A6D9-ECC897C15150}.Release|Any CPU.Build.0 = Release|Any CPU
		{0ED60033-56AD-4F35-B101-651B8A9AA6D6}.Debug|Any CPU.ActiveCfg = Debug|Any CPU
		{0ED60033-56AD-4F35-B101-651B8A9AA6D6}.Debug|Any CPU.Build.0 = Debug|Any CPU
		{0ED60033-56AD-4F35-B101-651B8A9AA6D6}.Release|Any CPU.ActiveCfg = Release|Any CPU
		{0ED60033-56AD-4F35-B101-651B8A9AA6D6}.Release|Any CPU.Build.0 = Release|Any CPU
		{B98276B4-611B-43CA-A6CE-1005B02F15AA}.Debug|Any CPU.ActiveCfg = Debug|Any CPU
		{B98276B4-611B-43CA-A6CE-1005B02F15AA}.Debug|Any CPU.Build.0 = Debug|Any CPU
		{B98276B4-611B-43CA-A6CE-1005B02F15AA}.Release|Any CPU.ActiveCfg = Release|Any CPU
		{B98276B4-611B-43CA-A6CE-1005B02F15AA}.Release|Any CPU.Build.0 = Release|Any CPU
		{35183950-EC95-49F1-A565-F4C912A1C829}.Debug|Any CPU.ActiveCfg = Debug|Any CPU
		{35183950-EC95-49F1-A565-F4C912A1C829}.Debug|Any CPU.Build.0 = Debug|Any CPU
		{35183950-EC95-49F1-A565-F4C912A1C829}.Release|Any CPU.ActiveCfg = Release|Any CPU
		{35183950-EC95-49F1-A565-F4C912A1C829}.Release|Any CPU.Build.0 = Release|Any CPU
		{48B2A703-BFD8-4032-A433-46EF9E5EF6FC}.Debug|Any CPU.ActiveCfg = Debug|Any CPU
		{48B2A703-BFD8-4032-A433-46EF9E5EF6FC}.Debug|Any CPU.Build.0 = Debug|Any CPU
		{48B2A703-BFD8-4032-A433-46EF9E5EF6FC}.Release|Any CPU.ActiveCfg = Release|Any CPU
		{48B2A703-BFD8-4032-A433-46EF9E5EF6FC}.Release|Any CPU.Build.0 = Release|Any CPU
		{68E6FD0C-82C2-42A9-A91D-715418F23442}.Debug|Any CPU.ActiveCfg = Debug|Any CPU
		{68E6FD0C-82C2-42A9-A91D-715418F23442}.Debug|Any CPU.Build.0 = Debug|Any CPU
		{68E6FD0C-82C2-42A9-A91D-715418F23442}.Release|Any CPU.ActiveCfg = Release|Any CPU
		{68E6FD0C-82C2-42A9-A91D-715418F23442}.Release|Any CPU.Build.0 = Release|Any CPU
	EndGlobalSection
	GlobalSection(SolutionProperties) = preSolution
		HideSolutionNode = FALSE
	EndGlobalSection
	GlobalSection(ExtensibilityGlobals) = postSolution
		SolutionGuid = {95B44489-6B51-48DC-9990-7746368AF431}
	EndGlobalSection
EndGlobal
